
Microsoft Visual Studio Solution File, Format Version 12.00
# Visual Studio Version 17
VisualStudioVersion = 17.14.36623.8 d17.14
MinimumVisualStudioVersion = 10.0.40219.1
Project("{FAE04EC0-301F-11D3-BF4B-00C04F79EFBC}") = "ElectricityBillproject", "ElectricityBillproject\ElectricityBillproject.csproj", "{41482497-9F5C-4866-A45F-5F9A3E9E56E7}"
EndProject
Global
	GlobalSection(SolutionConfigurationPlatforms) = preSolution
		Debug|Any CPU = Debug|Any CPU
		Release|Any CPU = Release|Any CPU
	EndGlobalSection
	GlobalSection(ProjectConfigurationPlatforms) = postSolution
		{41482497-9F5C-4866-A45F-5F9A3E9E56E7}.Debug|Any CPU.ActiveCfg = Debug|Any CPU
		{41482497-9F5C-4866-A45F-5F9A3E9E56E7}.Debug|Any CPU.Build.0 = Debug|Any CPU
		{41482497-9F5C-4866-A45F-5F9A3E9E56E7}.Release|Any CPU.ActiveCfg = Release|Any CPU
		{41482497-9F5C-4866-A45F-5F9A3E9E56E7}.Release|Any CPU.Build.0 = Release|Any CPU
	EndGlobalSection
	GlobalSection(SolutionProperties) = preSolution
		HideSolutionNode = FALSE
	EndGlobalSection
	GlobalSection(ExtensibilityGlobals) = postSolution
		SolutionGuid = {F8B0DA06-6F29-49B9-9D83-DAC303179ECF}
	EndGlobalSection
EndGlobal
